
Microsoft Visual Studio Solution File, Format Version 12.00
# Visual Studio Version 17
VisualStudioVersion = 17.3.32825.248
MinimumVisualStudioVersion = 10.0.40219.1
Project("{FAE04EC0-301F-11D3-BF4B-00C04F79EFBC}") = "NetTcpListenerThreadProject", "NetTcpListenerThreadProject.csproj", "{245C2023-8699-4BDB-BD2D-B042D7D4BB4A}"
EndProject
Global
	GlobalSection(SolutionConfigurationPlatforms) = preSolution
		Debug|Any CPU = Debug|Any CPU
		Release|Any CPU = Release|Any CPU
	EndGlobalSection
	GlobalSection(ProjectConfigurationPlatforms) = postSolution
		{245C2023-8699-4BDB-BD2D-B042D7D4BB4A}.Debug|Any CPU.ActiveCfg = Debug|Any CPU
		{245C2023-8699-4BDB-BD2D-B042D7D4BB4A}.Debug|Any CPU.Build.0 = Debug|Any CPU
		{245C2023-8699-4BDB-BD2D-B042D7D4BB4A}.Release|Any CPU.ActiveCfg = Release|Any CPU
		{245C2023-8699-4BDB-BD2D-B042D7D4BB4A}.Release|Any CPU.Build.0 = Release|Any CPU
	EndGlobalSection
	GlobalSection(SolutionProperties) = preSolution
		HideSolutionNode = FALSE
	EndGlobalSection
	GlobalSection(ExtensibilityGlobals) = postSolution
		SolutionGuid = {F5238D5F-3406-429C-B1AB-4DB92EB92CC8}
	EndGlobalSection
EndGlobal
